// !$*UTF8*$!
{
	archiveVersion = 1;
	classes = {
	};
	objectVersion = 55;
	objects = {

/* Begin PBXBuildFile section */
		1B9D037BD26360763313AF87 /* Pods_Movie_App.framework in Frameworks */ = {isa = PBXBuildFile; fileRef = DBCDFD30328626D17DB977B1 /* Pods_Movie_App.framework */; };
		ADAFBB1138897B5EDB2C2649 /* Pods_Movie_App_Movie_AppUITests.framework in Frameworks */ = {isa = PBXBuildFile; fileRef = 7212FA02921FD14D610C55A7 /* Pods_Movie_App_Movie_AppUITests.framework */; };
		C8451F184A6B6F77D6C8725E /* Pods_Movie_AppTests.framework in Frameworks */ = {isa = PBXBuildFile; fileRef = 14F6B536969C13F035B2F1F5 /* Pods_Movie_AppTests.framework */; };
		F02A35F3279B67BF00DCB17C /* MovieCell.swift in Sources */ = {isa = PBXBuildFile; fileRef = F02A35F2279B67BF00DCB17C /* MovieCell.swift */; };
		F068F32A27A9DA290083F3E4 /* MovieDetailsViewController.swift in Sources */ = {isa = PBXBuildFile; fileRef = F068F32927A9DA290083F3E4 /* MovieDetailsViewController.swift */; };
		F0884CCD279D2F0600E66593 /* Algorithms in Frameworks */ = {isa = PBXBuildFile; productRef = F0884CCC279D2F0600E66593 /* Algorithms */; };
		F0884CD0279D32B500E66593 /* AlamofireImage in Frameworks */ = {isa = PBXBuildFile; productRef = F0884CCF279D32B500E66593 /* AlamofireImage */; };
		F09038A1279A013B007609BB /* AppDelegate.swift in Sources */ = {isa = PBXBuildFile; fileRef = F09038A0279A013B007609BB /* AppDelegate.swift */; };
		F09038A3279A013B007609BB /* SceneDelegate.swift in Sources */ = {isa = PBXBuildFile; fileRef = F09038A2279A013B007609BB /* SceneDelegate.swift */; };
		F09038A5279A013B007609BB /* ViewController.swift in Sources */ = {isa = PBXBuildFile; fileRef = F09038A4279A013B007609BB /* ViewController.swift */; };
		F09038A8279A013B007609BB /* Main.storyboard in Resources */ = {isa = PBXBuildFile; fileRef = F09038A6279A013B007609BB /* Main.storyboard */; };
		F09038AA279A013C007609BB /* Assets.xcassets in Resources */ = {isa = PBXBuildFile; fileRef = F09038A9279A013C007609BB /* Assets.xcassets */; };
		F09038AD279A013C007609BB /* LaunchScreen.storyboard in Resources */ = {isa = PBXBuildFile; fileRef = F09038AB279A013C007609BB /* LaunchScreen.storyboard */; };
		F09038B8279A013D007609BB /* Movie_AppTests.swift in Sources */ = {isa = PBXBuildFile; fileRef = F09038B7279A013D007609BB /* Movie_AppTests.swift */; };
		F09038C2279A013D007609BB /* Movie_AppUITests.swift in Sources */ = {isa = PBXBuildFile; fileRef = F09038C1279A013D007609BB /* Movie_AppUITests.swift */; };
		F09038C4279A013D007609BB /* Movie_AppUITestsLaunchTests.swift in Sources */ = {isa = PBXBuildFile; fileRef = F09038C3279A013D007609BB /* Movie_AppUITestsLaunchTests.swift */; };
		F09DBBFE27AEDF0B009EBD29 /* MovieGridViewController.swift in Sources */ = {isa = PBXBuildFile; fileRef = F09DBBFD27AEDF0B009EBD29 /* MovieGridViewController.swift */; };
		F0C3580B27B0C48D00314C31 /* SuperViewController.swift in Sources */ = {isa = PBXBuildFile; fileRef = F0C3580A27B0C48D00314C31 /* SuperViewController.swift */; };
		F0E2D15827AB974E00900FA5 /* MovieGridCell.swift in Sources */ = {isa = PBXBuildFile; fileRef = F0E2D15727AB974E00900FA5 /* MovieGridCell.swift */; };
/* End PBXBuildFile section */

/* Begin PBXContainerItemProxy section */
		F09038B4279A013D007609BB /* PBXContainerItemProxy */ = {
			isa = PBXContainerItemProxy;
			containerPortal = F0903895279A013B007609BB /* Project object */;
			proxyType = 1;
			remoteGlobalIDString = F090389C279A013B007609BB;
			remoteInfo = "Movie App";
		};
		F09038BE279A013D007609BB /* PBXContainerItemProxy */ = {
			isa = PBXContainerItemProxy;
			containerPortal = F0903895279A013B007609BB /* Project object */;
			proxyType = 1;
			remoteGlobalIDString = F090389C279A013B007609BB;
			remoteInfo = "Movie App";
		};
/* End PBXContainerItemProxy section */

/* Begin PBXFileReference section */
		14F6B536969C13F035B2F1F5 /* Pods_Movie_AppTests.framework */ = {isa = PBXFileReference; explicitFileType = wrapper.framework; includeInIndex = 0; path = Pods_Movie_AppTests.framework; sourceTree = BUILT_PRODUCTS_DIR; };
		1E265D777A8C8AF2453B13DF /* Pods-Movie App-Movie AppUITests.release.xcconfig */ = {isa = PBXFileReference; includeInIndex = 1; lastKnownFileType = text.xcconfig; name = "Pods-Movie App-Movie AppUITests.release.xcconfig"; path = "Target Support Files/Pods-Movie App-Movie AppUITests/Pods-Movie App-Movie AppUITests.release.xcconfig"; sourceTree = "<group>"; };
		356A57FCAA1A89FBB659B366 /* Pods-Movie App-Movie AppUITests.debug.xcconfig */ = {isa = PBXFileReference; includeInIndex = 1; lastKnownFileType = text.xcconfig; name = "Pods-Movie App-Movie AppUITests.debug.xcconfig"; path = "Target Support Files/Pods-Movie App-Movie AppUITests/Pods-Movie App-Movie AppUITests.debug.xcconfig"; sourceTree = "<group>"; };
		3C94415BD7ACAB9BAC2531D7 /* Pods-Movie AppTests.release.xcconfig */ = {isa = PBXFileReference; includeInIndex = 1; lastKnownFileType = text.xcconfig; name = "Pods-Movie AppTests.release.xcconfig"; path = "Target Support Files/Pods-Movie AppTests/Pods-Movie AppTests.release.xcconfig"; sourceTree = "<group>"; };
		42AED32921A367BC4828D765 /* Pods-Movie App.debug.xcconfig */ = {isa = PBXFileReference; includeInIndex = 1; lastKnownFileType = text.xcconfig; name = "Pods-Movie App.debug.xcconfig"; path = "Target Support Files/Pods-Movie App/Pods-Movie App.debug.xcconfig"; sourceTree = "<group>"; };
		7212FA02921FD14D610C55A7 /* Pods_Movie_App_Movie_AppUITests.framework */ = {isa = PBXFileReference; explicitFileType = wrapper.framework; includeInIndex = 0; path = Pods_Movie_App_Movie_AppUITests.framework; sourceTree = BUILT_PRODUCTS_DIR; };
		79E1047B730F117C0BD99019 /* Pods-Movie App.release.xcconfig */ = {isa = PBXFileReference; includeInIndex = 1; lastKnownFileType = text.xcconfig; name = "Pods-Movie App.release.xcconfig"; path = "Target Support Files/Pods-Movie App/Pods-Movie App.release.xcconfig"; sourceTree = "<group>"; };
		DBCDFD30328626D17DB977B1 /* Pods_Movie_App.framework */ = {isa = PBXFileReference; explicitFileType = wrapper.framework; includeInIndex = 0; path = Pods_Movie_App.framework; sourceTree = BUILT_PRODUCTS_DIR; };
		E338692DD5C3F9B1C55853AB /* Pods-Movie AppTests.debug.xcconfig */ = {isa = PBXFileReference; includeInIndex = 1; lastKnownFileType = text.xcconfig; name = "Pods-Movie AppTests.debug.xcconfig"; path = "Target Support Files/Pods-Movie AppTests/Pods-Movie AppTests.debug.xcconfig"; sourceTree = "<group>"; };
		F02A35F2279B67BF00DCB17C /* MovieCell.swift */ = {isa = PBXFileReference; lastKnownFileType = sourcecode.swift; path = MovieCell.swift; sourceTree = "<group>"; };
		F068F32927A9DA290083F3E4 /* MovieDetailsViewController.swift */ = {isa = PBXFileReference; lastKnownFileType = sourcecode.swift; path = MovieDetailsViewController.swift; sourceTree = "<group>"; };
		F090389D279A013B007609BB /* Movie App.app */ = {isa = PBXFileReference; explicitFileType = wrapper.application; includeInIndex = 0; path = "Movie App.app"; sourceTree = BUILT_PRODUCTS_DIR; };
		F09038A0279A013B007609BB /* AppDelegate.swift */ = {isa = PBXFileReference; lastKnownFileType = sourcecode.swift; path = AppDelegate.swift; sourceTree = "<group>"; };
		F09038A2279A013B007609BB /* SceneDelegate.swift */ = {isa = PBXFileReference; lastKnownFileType = sourcecode.swift; path = SceneDelegate.swift; sourceTree = "<group>"; };
		F09038A4279A013B007609BB /* ViewController.swift */ = {isa = PBXFileReference; lastKnownFileType = sourcecode.swift; path = ViewController.swift; sourceTree = "<group>"; };
		F09038A7279A013B007609BB /* Base */ = {isa = PBXFileReference; lastKnownFileType = file.storyboard; name = Base; path = Base.lproj/Main.storyboard; sourceTree = "<group>"; };
		F09038A9279A013C007609BB /* Assets.xcassets */ = {isa = PBXFileReference; lastKnownFileType = folder.assetcatalog; path = Assets.xcassets; sourceTree = "<group>"; };
		F09038AC279A013C007609BB /* Base */ = {isa = PBXFileReference; lastKnownFileType = file.storyboard; name = Base; path = Base.lproj/LaunchScreen.storyboard; sourceTree = "<group>"; };
		F09038AE279A013C007609BB /* Info.plist */ = {isa = PBXFileReference; lastKnownFileType = text.plist.xml; path = Info.plist; sourceTree = "<group>"; };
		F09038B3279A013D007609BB /* Movie AppTests.xctest */ = {isa = PBXFileReference; explicitFileType = wrapper.cfbundle; includeInIndex = 0; path = "Movie AppTests.xctest"; sourceTree = BUILT_PRODUCTS_DIR; };
		F09038B7279A013D007609BB /* Movie_AppTests.swift */ = {isa = PBXFileReference; lastKnownFileType = sourcecode.swift; path = Movie_AppTests.swift; sourceTree = "<group>"; };
		F09038BD279A013D007609BB /* Movie AppUITests.xctest */ = {isa = PBXFileReference; explicitFileType = wrapper.cfbundle; includeInIndex = 0; path = "Movie AppUITests.xctest"; sourceTree = BUILT_PRODUCTS_DIR; };
		F09038C1279A013D007609BB /* Movie_AppUITests.swift */ = {isa = PBXFileReference; lastKnownFileType = sourcecode.swift; path = Movie_AppUITests.swift; sourceTree = "<group>"; };
		F09038C3279A013D007609BB /* Movie_AppUITestsLaunchTests.swift */ = {isa = PBXFileReference; lastKnownFileType = sourcecode.swift; path = Movie_AppUITestsLaunchTests.swift; sourceTree = "<group>"; };
		F09DBBFD27AEDF0B009EBD29 /* MovieGridViewController.swift */ = {isa = PBXFileReference; lastKnownFileType = sourcecode.swift; name = MovieGridViewController.swift; path = ../MovieGridViewController.swift; sourceTree = "<group>"; };
		F0C3580A27B0C48D00314C31 /* SuperViewController.swift */ = {isa = PBXFileReference; lastKnownFileType = sourcecode.swift; path = SuperViewController.swift; sourceTree = "<group>"; };
		F0E2D15727AB974E00900FA5 /* MovieGridCell.swift */ = {isa = PBXFileReference; lastKnownFileType = sourcecode.swift; path = MovieGridCell.swift; sourceTree = "<group>"; };
/* End PBXFileReference section */

/* Begin PBXFrameworksBuildPhase section */
		F090389A279A013B007609BB /* Frameworks */ = {
			isa = PBXFrameworksBuildPhase;
			buildActionMask = 2147483647;
			files = (
				F0884CCD279D2F0600E66593 /* Algorithms in Frameworks */,
				F0884CD0279D32B500E66593 /* AlamofireImage in Frameworks */,
				1B9D037BD26360763313AF87 /* Pods_Movie_App.framework in Frameworks */,
			);
			runOnlyForDeploymentPostprocessing = 0;
		};
		F09038B0279A013D007609BB /* Frameworks */ = {
			isa = PBXFrameworksBuildPhase;
			buildActionMask = 2147483647;
			files = (
				C8451F184A6B6F77D6C8725E /* Pods_Movie_AppTests.framework in Frameworks */,
			);
			runOnlyForDeploymentPostprocessing = 0;
		};
		F09038BA279A013D007609BB /* Frameworks */ = {
			isa = PBXFrameworksBuildPhase;
			buildActionMask = 2147483647;
			files = (
				ADAFBB1138897B5EDB2C2649 /* Pods_Movie_App_Movie_AppUITests.framework in Frameworks */,
			);
			runOnlyForDeploymentPostprocessing = 0;
		};
/* End PBXFrameworksBuildPhase section */

/* Begin PBXGroup section */
		C52B99953E8207F166C7A174 /* Frameworks */ = {
			isa = PBXGroup;
			children = (
				DBCDFD30328626D17DB977B1 /* Pods_Movie_App.framework */,
				7212FA02921FD14D610C55A7 /* Pods_Movie_App_Movie_AppUITests.framework */,
				14F6B536969C13F035B2F1F5 /* Pods_Movie_AppTests.framework */,
			);
			name = Frameworks;
			sourceTree = "<group>";
		};
		F0903894279A013B007609BB = {
			isa = PBXGroup;
			children = (
				F090389F279A013B007609BB /* Movie App */,
				F09038B6279A013D007609BB /* Movie AppTests */,
				F09038C0279A013D007609BB /* Movie AppUITests */,
				F090389E279A013B007609BB /* Products */,
				FB8D5A32446A24C24BE67AA7 /* Pods */,
				C52B99953E8207F166C7A174 /* Frameworks */,
			);
			sourceTree = "<group>";
		};
		F090389E279A013B007609BB /* Products */ = {
			isa = PBXGroup;
			children = (
				F090389D279A013B007609BB /* Movie App.app */,
				F09038B3279A013D007609BB /* Movie AppTests.xctest */,
				F09038BD279A013D007609BB /* Movie AppUITests.xctest */,
			);
			name = Products;
			sourceTree = "<group>";
		};
		F090389F279A013B007609BB /* Movie App */ = {
			isa = PBXGroup;
			children = (
				F09038A0279A013B007609BB /* AppDelegate.swift */,
				F0E2D15727AB974E00900FA5 /* MovieGridCell.swift */,
				F02A35F2279B67BF00DCB17C /* MovieCell.swift */,
				F09038A2279A013B007609BB /* SceneDelegate.swift */,
				F09038A6279A013B007609BB /* Main.storyboard */,
				F09038A9279A013C007609BB /* Assets.xcassets */,
				F09038AB279A013C007609BB /* LaunchScreen.storyboard */,
				F09038AE279A013C007609BB /* Info.plist */,
				F09038A4279A013B007609BB /* ViewController.swift */,
				F068F32927A9DA290083F3E4 /* MovieDetailsViewController.swift */,
				F09DBBFD27AEDF0B009EBD29 /* MovieGridViewController.swift */,
				F0C3580A27B0C48D00314C31 /* SuperViewController.swift */,
			);
			path = "Movie App";
			sourceTree = "<group>";
		};
		F09038B6279A013D007609BB /* Movie AppTests */ = {
			isa = PBXGroup;
			children = (
				F09038B7279A013D007609BB /* Movie_AppTests.swift */,
			);
			path = "Movie AppTests";
			sourceTree = "<group>";
		};
		F09038C0279A013D007609BB /* Movie AppUITests */ = {
			isa = PBXGroup;
			children = (
				F09038C1279A013D007609BB /* Movie_AppUITests.swift */,
				F09038C3279A013D007609BB /* Movie_AppUITestsLaunchTests.swift */,
			);
			path = "Movie AppUITests";
			sourceTree = "<group>";
		};
		FB8D5A32446A24C24BE67AA7 /* Pods */ = {
			isa = PBXGroup;
			children = (
				42AED32921A367BC4828D765 /* Pods-Movie App.debug.xcconfig */,
				79E1047B730F117C0BD99019 /* Pods-Movie App.release.xcconfig */,
				356A57FCAA1A89FBB659B366 /* Pods-Movie App-Movie AppUITests.debug.xcconfig */,
				1E265D777A8C8AF2453B13DF /* Pods-Movie App-Movie AppUITests.release.xcconfig */,
				E338692DD5C3F9B1C55853AB /* Pods-Movie AppTests.debug.xcconfig */,
				3C94415BD7ACAB9BAC2531D7 /* Pods-Movie AppTests.release.xcconfig */,
			);
			path = Pods;
			sourceTree = "<group>";
		};
/* End PBXGroup section */

/* Begin PBXNativeTarget section */
		F090389C279A013B007609BB /* Movie App */ = {
			isa = PBXNativeTarget;
			buildConfigurationList = F09038C7279A013D007609BB /* Build configuration list for PBXNativeTarget "Movie App" */;
			buildPhases = (
				5E2B482DB1157100345A4E55 /* [CP] Check Pods Manifest.lock */,
				F0903899279A013B007609BB /* Sources */,
				F090389A279A013B007609BB /* Frameworks */,
				F090389B279A013B007609BB /* Resources */,
				51882D8D78AD2CC7D1E68FD0 /* [CP] Embed Pods Frameworks */,
			);
			buildRules = (
			);
			dependencies = (
			);
			name = "Movie App";
			packageProductDependencies = (
				F0884CCC279D2F0600E66593 /* Algorithms */,
				F0884CCF279D32B500E66593 /* AlamofireImage */,
			);
			productName = "Movie App";
			productReference = F090389D279A013B007609BB /* Movie App.app */;
			productType = "com.apple.product-type.application";
		};
		F09038B2279A013D007609BB /* Movie AppTests */ = {
			isa = PBXNativeTarget;
			buildConfigurationList = F09038CA279A013D007609BB /* Build configuration list for PBXNativeTarget "Movie AppTests" */;
			buildPhases = (
				7C3EC73F19C699C2C35B6267 /* [CP] Check Pods Manifest.lock */,
				F09038AF279A013D007609BB /* Sources */,
				F09038B0279A013D007609BB /* Frameworks */,
				F09038B1279A013D007609BB /* Resources */,
			);
			buildRules = (
			);
			dependencies = (
				F09038B5279A013D007609BB /* PBXTargetDependency */,
			);
			name = "Movie AppTests";
			productName = "Movie AppTests";
			productReference = F09038B3279A013D007609BB /* Movie AppTests.xctest */;
			productType = "com.apple.product-type.bundle.unit-test";
		};
		F09038BC279A013D007609BB /* Movie AppUITests */ = {
			isa = PBXNativeTarget;
			buildConfigurationList = F09038CD279A013D007609BB /* Build configuration list for PBXNativeTarget "Movie AppUITests" */;
			buildPhases = (
				635CDEA292306A5C8A946214 /* [CP] Check Pods Manifest.lock */,
				F09038B9279A013D007609BB /* Sources */,
				F09038BA279A013D007609BB /* Frameworks */,
				F09038BB279A013D007609BB /* Resources */,
				4ED449D673517A5B13865B63 /* [CP] Embed Pods Frameworks */,
			);
			buildRules = (
			);
			dependencies = (
				F09038BF279A013D007609BB /* PBXTargetDependency */,
			);
			name = "Movie AppUITests";
			productName = "Movie AppUITests";
			productReference = F09038BD279A013D007609BB /* Movie AppUITests.xctest */;
			productType = "com.apple.product-type.bundle.ui-testing";
		};
/* End PBXNativeTarget section */

/* Begin PBXProject section */
		F0903895279A013B007609BB /* Project object */ = {
			isa = PBXProject;
			attributes = {
				BuildIndependentTargetsInParallel = 1;
				LastSwiftUpdateCheck = 1320;
				LastUpgradeCheck = 1320;
				TargetAttributes = {
					F090389C279A013B007609BB = {
						CreatedOnToolsVersion = 13.2.1;
					};
					F09038B2279A013D007609BB = {
						CreatedOnToolsVersion = 13.2.1;
						TestTargetID = F090389C279A013B007609BB;
					};
					F09038BC279A013D007609BB = {
						CreatedOnToolsVersion = 13.2.1;
						TestTargetID = F090389C279A013B007609BB;
					};
				};
			};
			buildConfigurationList = F0903898279A013B007609BB /* Build configuration list for PBXProject "Movie App" */;
			compatibilityVersion = "Xcode 13.0";
			developmentRegion = en;
			hasScannedForEncodings = 0;
			knownRegions = (
				en,
				Base,
			);
			mainGroup = F0903894279A013B007609BB;
			packageReferences = (
				F0884CCB279D2F0600E66593 /* XCRemoteSwiftPackageReference "swift-algorithms" */,
				F0884CCE279D32B500E66593 /* XCRemoteSwiftPackageReference "AlamofireImage" */,
			);
			productRefGroup = F090389E279A013B007609BB /* Products */;
			projectDirPath = "";
			projectRoot = "";
			targets = (
				F090389C279A013B007609BB /* Movie App */,
				F09038B2279A013D007609BB /* Movie AppTests */,
				F09038BC279A013D007609BB /* Movie AppUITests */,
			);
		};
/* End PBXProject section */

/* Begin PBXResourcesBuildPhase section */
		F090389B279A013B007609BB /* Resources */ = {
			isa = PBXResourcesBuildPhase;
			buildActionMask = 2147483647;
			files = (
				F09038AD279A013C007609BB /* LaunchScreen.storyboard in Resources */,
				F09038AA279A013C007609BB /* Assets.xcassets in Resources */,
				F09038A8279A013B007609BB /* Main.storyboard in Resources */,
			);
			runOnlyForDeploymentPostprocessing = 0;
		};
		F09038B1279A013D007609BB /* Resources */ = {
			isa = PBXResourcesBuildPhase;
			buildActionMask = 2147483647;
			files = (
			);
			runOnlyForDeploymentPostprocessing = 0;
		};
		F09038BB279A013D007609BB /* Resources */ = {
			isa = PBXResourcesBuildPhase;
			buildActionMask = 2147483647;
			files = (
			);
			runOnlyForDeploymentPostprocessing = 0;
		};
/* End PBXResourcesBuildPhase section */

/* Begin PBXShellScriptBuildPhase section */
		4ED449D673517A5B13865B63 /* [CP] Embed Pods Frameworks */ = {
			isa = PBXShellScriptBuildPhase;
			buildActionMask = 2147483647;
			files = (
			);
			inputFileListPaths = (
				"${PODS_ROOT}/Target Support Files/Pods-Movie App-Movie AppUITests/Pods-Movie App-Movie AppUITests-frameworks-${CONFIGURATION}-input-files.xcfilelist",
			);
			name = "[CP] Embed Pods Frameworks";
			outputFileListPaths = (
				"${PODS_ROOT}/Target Support Files/Pods-Movie App-Movie AppUITests/Pods-Movie App-Movie AppUITests-frameworks-${CONFIGURATION}-output-files.xcfilelist",
			);
			runOnlyForDeploymentPostprocessing = 0;
			shellPath = /bin/sh;
			shellScript = "\"${PODS_ROOT}/Target Support Files/Pods-Movie App-Movie AppUITests/Pods-Movie App-Movie AppUITests-frameworks.sh\"\n";
			showEnvVarsInLog = 0;
		};
		51882D8D78AD2CC7D1E68FD0 /* [CP] Embed Pods Frameworks */ = {
			isa = PBXShellScriptBuildPhase;
			buildActionMask = 2147483647;
			files = (
			);
			inputFileListPaths = (
				"${PODS_ROOT}/Target Support Files/Pods-Movie App/Pods-Movie App-frameworks-${CONFIGURATION}-input-files.xcfilelist",
			);
			name = "[CP] Embed Pods Frameworks";
			outputFileListPaths = (
				"${PODS_ROOT}/Target Support Files/Pods-Movie App/Pods-Movie App-frameworks-${CONFIGURATION}-output-files.xcfilelist",
			);
			runOnlyForDeploymentPostprocessing = 0;
			shellPath = /bin/sh;
			shellScript = "\"${PODS_ROOT}/Target Support Files/Pods-Movie App/Pods-Movie App-frameworks.sh\"\n";
			showEnvVarsInLog = 0;
		};
		5E2B482DB1157100345A4E55 /* [CP] Check Pods Manifest.lock */ = {
			isa = PBXShellScriptBuildPhase;
			buildActionMask = 2147483647;
			files = (
			);
			inputFileListPaths = (
			);
			inputPaths = (
				"${PODS_PODFILE_DIR_PATH}/Podfile.lock",
				"${PODS_ROOT}/Manifest.lock",
			);
			name = "[CP] Check Pods Manifest.lock";
			outputFileListPaths = (
			);
			outputPaths = (
				"$(DERIVED_FILE_DIR)/Pods-Movie App-checkManifestLockResult.txt",
			);
			runOnlyForDeploymentPostprocessing = 0;
			shellPath = /bin/sh;
			shellScript = "diff \"${PODS_PODFILE_DIR_PATH}/Podfile.lock\" \"${PODS_ROOT}/Manifest.lock\" > /dev/null\nif [ $? != 0 ] ; then\n    # print error to STDERR\n    echo \"error: The sandbox is not in sync with the Podfile.lock. Run 'pod install' or update your CocoaPods installation.\" >&2\n    exit 1\nfi\n# This output is used by Xcode 'outputs' to avoid re-running this script phase.\necho \"SUCCESS\" > \"${SCRIPT_OUTPUT_FILE_0}\"\n";
			showEnvVarsInLog = 0;
		};
		635CDEA292306A5C8A946214 /* [CP] Check Pods Manifest.lock */ = {
			isa = PBXShellScriptBuildPhase;
			buildActionMask = 2147483647;
			files = (
			);
			inputFileListPaths = (
			);
			inputPaths = (
				"${PODS_PODFILE_DIR_PATH}/Podfile.lock",
				"${PODS_ROOT}/Manifest.lock",
			);
			name = "[CP] Check Pods Manifest.lock";
			outputFileListPaths = (
			);
			outputPaths = (
				"$(DERIVED_FILE_DIR)/Pods-Movie App-Movie AppUITests-checkManifestLockResult.txt",
			);
			runOnlyForDeploymentPostprocessing = 0;
			shellPath = /bin/sh;
			shellScript = "diff \"${PODS_PODFILE_DIR_PATH}/Podfile.lock\" \"${PODS_ROOT}/Manifest.lock\" > /dev/null\nif [ $? != 0 ] ; then\n    # print error to STDERR\n    echo \"error: The sandbox is not in sync with the Podfile.lock. Run 'pod install' or update your CocoaPods installation.\" >&2\n    exit 1\nfi\n# This output is used by Xcode 'outputs' to avoid re-running this script phase.\necho \"SUCCESS\" > \"${SCRIPT_OUTPUT_FILE_0}\"\n";
			showEnvVarsInLog = 0;
		};
		7C3EC73F19C699C2C35B6267 /* [CP] Check Pods Manifest.lock */ = {
			isa = PBXShellScriptBuildPhase;
			buildActionMask = 2147483647;
			files = (
			);
			inputFileListPaths = (
			);
			inputPaths = (
				"${PODS_PODFILE_DIR_PATH}/Podfile.lock",
				"${PODS_ROOT}/Manifest.lock",
			);
			name = "[CP] Check Pods Manifest.lock";
			outputFileListPaths = (
			);
			outputPaths = (
				"$(DERIVED_FILE_DIR)/Pods-Movie AppTests-checkManifestLockResult.txt",
			);
			runOnlyForDeploymentPostprocessing = 0;
			shellPath = /bin/sh;
			shellScript = "diff \"${PODS_PODFILE_DIR_PATH}/Podfile.lock\" \"${PODS_ROOT}/Manifest.lock\" > /dev/null\nif [ $? != 0 ] ; then\n    # print error to STDERR\n    echo \"error: The sandbox is not in sync with the Podfile.lock. Run 'pod install' or update your CocoaPods installation.\" >&2\n    exit 1\nfi\n# This output is used by Xcode 'outputs' to avoid re-running this script phase.\necho \"SUCCESS\" > \"${SCRIPT_OUTPUT_FILE_0}\"\n";
			showEnvVarsInLog = 0;
		};
/* End PBXShellScriptBuildPhase section */

/* Begin PBXSourcesBuildPhase section */
		F0903899279A013B007609BB /* Sources */ = {
			isa = PBXSourcesBuildPhase;
			buildActionMask = 2147483647;
			files = (
				F09038A5279A013B007609BB /* ViewController.swift in Sources */,
				F09038A1279A013B007609BB /* AppDelegate.swift in Sources */,
				F0C3580B27B0C48D00314C31 /* SuperViewController.swift in Sources */,
				F068F32A27A9DA290083F3E4 /* MovieDetailsViewController.swift in Sources */,
				F09DBBFE27AEDF0B009EBD29 /* MovieGridViewController.swift in Sources */,
				F0E2D15827AB974E00900FA5 /* MovieGridCell.swift in Sources */,
				F09038A3279A013B007609BB /* SceneDelegate.swift in Sources */,
				F02A35F3279B67BF00DCB17C /* MovieCell.swift in Sources */,
			);
			runOnlyForDeploymentPostprocessing = 0;
		};
		F09038AF279A013D007609BB /* Sources */ = {
			isa = PBXSourcesBuildPhase;
			buildActionMask = 2147483647;
			files = (
				F09038B8279A013D007609BB /* Movie_AppTests.swift in Sources */,
			);
			runOnlyForDeploymentPostprocessing = 0;
		};
		F09038B9279A013D007609BB /* Sources */ = {
			isa = PBXSourcesBuildPhase;
			buildActionMask = 2147483647;
			files = (
				F09038C2279A013D007609BB /* Movie_AppUITests.swift in Sources */,
				F09038C4279A013D007609BB /* Movie_AppUITestsLaunchTests.swift in Sources */,
			);
			runOnlyForDeploymentPostprocessing = 0;
		};
/* End PBXSourcesBuildPhase section */

/* Begin PBXTargetDependency section */
		F09038B5279A013D007609BB /* PBXTargetDependency */ = {
			isa = PBXTargetDependency;
			target = F090389C279A013B007609BB /* Movie App */;
			targetProxy = F09038B4279A013D007609BB /* PBXContainerItemProxy */;
		};
		F09038BF279A013D007609BB /* PBXTargetDependency */ = {
			isa = PBXTargetDependency;
			target = F090389C279A013B007609BB /* Movie App */;
			targetProxy = F09038BE279A013D007609BB /* PBXContainerItemProxy */;
		};
/* End PBXTargetDependency section */

/* Begin PBXVariantGroup section */
		F09038A6279A013B007609BB /* Main.storyboard */ = {
			isa = PBXVariantGroup;
			children = (
				F09038A7279A013B007609BB /* Base */,
			);
			name = Main.storyboard;
			sourceTree = "<group>";
		};
		F09038AB279A013C007609BB /* LaunchScreen.storyboard */ = {
			isa = PBXVariantGroup;
			children = (
				F09038AC279A013C007609BB /* Base */,
			);
			name = LaunchScreen.storyboard;
			sourceTree = "<group>";
		};
/* End PBXVariantGroup section */

/* Begin XCBuildConfiguration section */
		F09038C5279A013D007609BB /* Debug */ = {
			isa = XCBuildConfiguration;
			buildSettings = {
				ALWAYS_SEARCH_USER_PATHS = NO;
				CLANG_ANALYZER_NONNULL = YES;
				CLANG_ANALYZER_NUMBER_OBJECT_CONVERSION = YES_AGGRESSIVE;
				CLANG_CXX_LANGUAGE_STANDARD = "gnu++17";
				CLANG_CXX_LIBRARY = "libc++";
				CLANG_ENABLE_MODULES = YES;
				CLANG_ENABLE_OBJC_ARC = YES;
				CLANG_ENABLE_OBJC_WEAK = YES;
				CLANG_WARN_BLOCK_CAPTURE_AUTORELEASING = YES;
				CLANG_WARN_BOOL_CONVERSION = YES;
				CLANG_WARN_COMMA = YES;
				CLANG_WARN_CONSTANT_CONVERSION = YES;
				CLANG_WARN_DEPRECATED_OBJC_IMPLEMENTATIONS = YES;
				CLANG_WARN_DIRECT_OBJC_ISA_USAGE = YES_ERROR;
				CLANG_WARN_DOCUMENTATION_COMMENTS = YES;
				CLANG_WARN_EMPTY_BODY = YES;
				CLANG_WARN_ENUM_CONVERSION = YES;
				CLANG_WARN_INFINITE_RECURSION = YES;
				CLANG_WARN_INT_CONVERSION = YES;
				CLANG_WARN_NON_LITERAL_NULL_CONVERSION = YES;
				CLANG_WARN_OBJC_IMPLICIT_RETAIN_SELF = YES;
				CLANG_WARN_OBJC_LITERAL_CONVERSION = YES;
				CLANG_WARN_OBJC_ROOT_CLASS = YES_ERROR;
				CLANG_WARN_QUOTED_INCLUDE_IN_FRAMEWORK_HEADER = YES;
				CLANG_WARN_RANGE_LOOP_ANALYSIS = YES;
				CLANG_WARN_STRICT_PROTOTYPES = YES;
				CLANG_WARN_SUSPICIOUS_MOVE = YES;
				CLANG_WARN_UNGUARDED_AVAILABILITY = YES_AGGRESSIVE;
				CLANG_WARN_UNREACHABLE_CODE = YES;
				CLANG_WARN__DUPLICATE_METHOD_MATCH = YES;
				COPY_PHASE_STRIP = NO;
				DEBUG_INFORMATION_FORMAT = dwarf;
				ENABLE_STRICT_OBJC_MSGSEND = YES;
				ENABLE_TESTABILITY = YES;
				GCC_C_LANGUAGE_STANDARD = gnu11;
				GCC_DYNAMIC_NO_PIC = NO;
				GCC_NO_COMMON_BLOCKS = YES;
				GCC_OPTIMIZATION_LEVEL = 0;
				GCC_PREPROCESSOR_DEFINITIONS = (
					"DEBUG=1",
					"$(inherited)",
				);
				GCC_WARN_64_TO_32_BIT_CONVERSION = YES;
				GCC_WARN_ABOUT_RETURN_TYPE = YES_ERROR;
				GCC_WARN_UNDECLARED_SELECTOR = YES;
				GCC_WARN_UNINITIALIZED_AUTOS = YES_AGGRESSIVE;
				GCC_WARN_UNUSED_FUNCTION = YES;
				GCC_WARN_UNUSED_VARIABLE = YES;
				IPHONEOS_DEPLOYMENT_TARGET = 15.2;
				MTL_ENABLE_DEBUG_INFO = INCLUDE_SOURCE;
				MTL_FAST_MATH = YES;
				ONLY_ACTIVE_ARCH = YES;
				SDKROOT = iphoneos;
				SWIFT_ACTIVE_COMPILATION_CONDITIONS = DEBUG;
				SWIFT_OPTIMIZATION_LEVEL = "-Onone";
			};
			name = Debug;
		};
		F09038C6279A013D007609BB /* Release */ = {
			isa = XCBuildConfiguration;
			buildSettings = {
				ALWAYS_SEARCH_USER_PATHS = NO;
				CLANG_ANALYZER_NONNULL = YES;
				CLANG_ANALYZER_NUMBER_OBJECT_CONVERSION = YES_AGGRESSIVE;
				CLANG_CXX_LANGUAGE_STANDARD = "gnu++17";
				CLANG_CXX_LIBRARY = "libc++";
				CLANG_ENABLE_MODULES = YES;
				CLANG_ENABLE_OBJC_ARC = YES;
				CLANG_ENABLE_OBJC_WEAK = YES;
				CLANG_WARN_BLOCK_CAPTURE_AUTORELEASING = YES;
				CLANG_WARN_BOOL_CONVERSION = YES;
				CLANG_WARN_COMMA = YES;
				CLANG_WARN_CONSTANT_CONVERSION = YES;
				CLANG_WARN_DEPRECATED_OBJC_IMPLEMENTATIONS = YES;
				CLANG_WARN_DIRECT_OBJC_ISA_USAGE = YES_ERROR;
				CLANG_WARN_DOCUMENTATION_COMMENTS = YES;
				CLANG_WARN_EMPTY_BODY = YES;
				CLANG_WARN_ENUM_CONVERSION = YES;
				CLANG_WARN_INFINITE_RECURSION = YES;
				CLANG_WARN_INT_CONVERSION = YES;
				CLANG_WARN_NON_LITERAL_NULL_CONVERSION = YES;
				CLANG_WARN_OBJC_IMPLICIT_RETAIN_SELF = YES;
				CLANG_WARN_OBJC_LITERAL_CONVERSION = YES;
				CLANG_WARN_OBJC_ROOT_CLASS = YES_ERROR;
				CLANG_WARN_QUOTED_INCLUDE_IN_FRAMEWORK_HEADER = YES;
				CLANG_WARN_RANGE_LOOP_ANALYSIS = YES;
				CLANG_WARN_STRICT_PROTOTYPES = YES;
				CLANG_WARN_SUSPICIOUS_MOVE = YES;
				CLANG_WARN_UNGUARDED_AVAILABILITY = YES_AGGRESSIVE;
				CLANG_WARN_UNREACHABLE_CODE = YES;
				CLANG_WARN__DUPLICATE_METHOD_MATCH = YES;
				COPY_PHASE_STRIP = NO;
				DEBUG_INFORMATION_FORMAT = "dwarf-with-dsym";
				ENABLE_NS_ASSERTIONS = NO;
				ENABLE_STRICT_OBJC_MSGSEND = YES;
				GCC_C_LANGUAGE_STANDARD = gnu11;
				GCC_NO_COMMON_BLOCKS = YES;
				GCC_WARN_64_TO_32_BIT_CONVERSION = YES;
				GCC_WARN_ABOUT_RETURN_TYPE = YES_ERROR;
				GCC_WARN_UNDECLARED_SELECTOR = YES;
				GCC_WARN_UNINITIALIZED_AUTOS = YES_AGGRESSIVE;
				GCC_WARN_UNUSED_FUNCTION = YES;
				GCC_WARN_UNUSED_VARIABLE = YES;
				IPHONEOS_DEPLOYMENT_TARGET = 15.2;
				MTL_ENABLE_DEBUG_INFO = NO;
				MTL_FAST_MATH = YES;
				SDKROOT = iphoneos;
				SWIFT_COMPILATION_MODE = wholemodule;
				SWIFT_OPTIMIZATION_LEVEL = "-O";
				VALIDATE_PRODUCT = YES;
			};
			name = Release;
		};
		F09038C8279A013D007609BB /* Debug */ = {
			isa = XCBuildConfiguration;
			baseConfigurationReference = 42AED32921A367BC4828D765 /* Pods-Movie App.debug.xcconfig */;
			buildSettings = {
				ASSETCATALOG_COMPILER_GLOBAL_ACCENT_COLOR_NAME = AccentColor;
				ASSETCATALOG_COMPILER_INCLUDE_ALL_APPICON_ASSETS = YES;
				CODE_SIGN_STYLE = Automatic;
				CURRENT_PROJECT_VERSION = 1;
				GENERATE_INFOPLIST_FILE = YES;
				INFOPLIST_FILE = "Movie App/Info.plist";
				INFOPLIST_KEY_UIApplicationSupportsIndirectInputEvents = YES;
				INFOPLIST_KEY_UILaunchStoryboardName = LaunchScreen;
				INFOPLIST_KEY_UIMainStoryboardFile = Main;
				INFOPLIST_KEY_UISupportedInterfaceOrientations_iPad = "UIInterfaceOrientationPortrait UIInterfaceOrientationPortraitUpsideDown UIInterfaceOrientationLandscapeLeft UIInterfaceOrientationLandscapeRight";
				INFOPLIST_KEY_UISupportedInterfaceOrientations_iPhone = "UIInterfaceOrientationPortrait UIInterfaceOrientationLandscapeLeft UIInterfaceOrientationLandscapeRight";
				LD_RUNPATH_SEARCH_PATHS = (
					"$(inherited)",
					"@executable_path/Frameworks",
				);
				MARKETING_VERSION = 1.0;
				PRODUCT_BUNDLE_IDENTIFIER = "memo.com.Movie-App";
				PRODUCT_NAME = "$(TARGET_NAME)";
				SWIFT_EMIT_LOC_STRINGS = YES;
				SWIFT_VERSION = 5.0;
				TARGETED_DEVICE_FAMILY = "1,2";
			};
			name = Debug;
		};
		F09038C9279A013D007609BB /* Release */ = {
			isa = XCBuildConfiguration;
			baseConfigurationReference = 79E1047B730F117C0BD99019 /* Pods-Movie App.release.xcconfig */;
			buildSettings = {
				ASSETCATALOG_COMPILER_GLOBAL_ACCENT_COLOR_NAME = AccentColor;
				ASSETCATALOG_COMPILER_INCLUDE_ALL_APPICON_ASSETS = YES;
				CODE_SIGN_STYLE = Automatic;
				CURRENT_PROJECT_VERSION = 1;
				GENERATE_INFOPLIST_FILE = YES;
				INFOPLIST_FILE = "Movie App/Info.plist";
				INFOPLIST_KEY_UIApplicationSupportsIndirectInputEvents = YES;
				INFOPLIST_KEY_UILaunchStoryboardName = LaunchScreen;
				INFOPLIST_KEY_UIMainStoryboardFile = Main;
				INFOPLIST_KEY_UISupportedInterfaceOrientations_iPad = "UIInterfaceOrientationPortrait UIInterfaceOrientationPortraitUpsideDown UIInterfaceOrientationLandscapeLeft UIInterfaceOrientationLandscapeRight";
				INFOPLIST_KEY_UISupportedInterfaceOrientations_iPhone = "UIInterfaceOrientationPortrait UIInterfaceOrientationLandscapeLeft UIInterfaceOrientationLandscapeRight";
				LD_RUNPATH_SEARCH_PATHS = (
					"$(inherited)",
					"@executable_path/Frameworks",
				);
				MARKETING_VERSION = 1.0;
				PRODUCT_BUNDLE_IDENTIFIER = "memo.com.Movie-App";
				PRODUCT_NAME = "$(TARGET_NAME)";
				SWIFT_EMIT_LOC_STRINGS = YES;
				SWIFT_VERSION = 5.0;
				TARGETED_DEVICE_FAMILY = "1,2";
			};
			name = Release;
		};
		F09038CB279A013D007609BB /* Debug */ = {
			isa = XCBuildConfiguration;
			baseConfigurationReference = E338692DD5C3F9B1C55853AB /* Pods-Movie AppTests.debug.xcconfig */;
			buildSettings = {
				ALWAYS_EMBED_SWIFT_STANDARD_LIBRARIES = YES;
				BUNDLE_LOADER = "$(TEST_HOST)";
				CODE_SIGN_STYLE = Automatic;
				CURRENT_PROJECT_VERSION = 1;
				GENERATE_INFOPLIST_FILE = YES;
				IPHONEOS_DEPLOYMENT_TARGET = 15.2;
				MARKETING_VERSION = 1.0;
				PRODUCT_BUNDLE_IDENTIFIER = "memo.com.Movie-AppTests";
				PRODUCT_NAME = "$(TARGET_NAME)";
				SWIFT_EMIT_LOC_STRINGS = NO;
				SWIFT_VERSION = 5.0;
				TARGETED_DEVICE_FAMILY = "1,2";
				TEST_HOST = "$(BUILT_PRODUCTS_DIR)/Movie App.app/Movie App";
			};
			name = Debug;
		};
		F09038CC279A013D007609BB /* Release */ = {
			isa = XCBuildConfiguration;
			baseConfigurationReference = 3C94415BD7ACAB9BAC2531D7 /* Pods-Movie AppTests.release.xcconfig */;
			buildSettings = {
				ALWAYS_EMBED_SWIFT_STANDARD_LIBRARIES = YES;
				BUNDLE_LOADER = "$(TEST_HOST)";
				CODE_SIGN_STYLE = Automatic;
				CURRENT_PROJECT_VERSION = 1;
				GENERATE_INFOPLIST_FILE = YES;
				IPHONEOS_DEPLOYMENT_TARGET = 15.2;
				MARKETING_VERSION = 1.0;
				PRODUCT_BUNDLE_IDENTIFIER = "memo.com.Movie-AppTests";
				PRODUCT_NAME = "$(TARGET_NAME)";
				SWIFT_EMIT_LOC_STRINGS = NO;
				SWIFT_VERSION = 5.0;
				TARGETED_DEVICE_FAMILY = "1,2";
				TEST_HOST = "$(BUILT_PRODUCTS_DIR)/Movie App.app/Movie App";
			};
			name = Release;
		};
		F09038CE279A013D007609BB /* Debug */ = {
			isa = XCBuildConfiguration;
			baseConfigurationReference = 356A57FCAA1A89FBB659B366 /* Pods-Movie App-Movie AppUITests.debug.xcconfig */;
			buildSettings = {
				ALWAYS_EMBED_SWIFT_STANDARD_LIBRARIES = YES;
				CODE_SIGN_STYLE = Automatic;
				CURRENT_PROJECT_VERSION = 1;
				GENERATE_INFOPLIST_FILE = YES;
				MARKETING_VERSION = 1.0;
				PRODUCT_BUNDLE_IDENTIFIER = "memo.com.Movie-AppUITests";
				PRODUCT_NAME = "$(TARGET_NAME)";
				SWIFT_EMIT_LOC_STRINGS = NO;
				SWIFT_VERSION = 5.0;
				TARGETED_DEVICE_FAMILY = "1,2";
				TEST_TARGET_NAME = "Movie App";
			};
			name = Debug;
		};
		F09038CF279A013D007609BB /* Release */ = {
			isa = XCBuildConfiguration;
			baseConfigurationReference = 1E265D777A8C8AF2453B13DF /* Pods-Movie App-Movie AppUITests.release.xcconfig */;
			buildSettings = {
				ALWAYS_EMBED_SWIFT_STANDARD_LIBRARIES = YES;
				CODE_SIGN_STYLE = Automatic;
				CURRENT_PROJECT_VERSION = 1;
				GENERATE_INFOPLIST_FILE = YES;
				MARKETING_VERSION = 1.0;
				PRODUCT_BUNDLE_IDENTIFIER = "memo.com.Movie-AppUITests";
				PRODUCT_NAME = "$(TARGET_NAME)";
				SWIFT_EMIT_LOC_STRINGS = NO;
				SWIFT_VERSION = 5.0;
				TARGETED_DEVICE_FAMILY = "1,2";
				TEST_TARGET_NAME = "Movie App";
			};
			name = Release;
		};
/* End XCBuildConfiguration section */

/* Begin XCConfigurationList section */
		F0903898279A013B007609BB /* Build configuration list for PBXProject "Movie App" */ = {
			isa = XCConfigurationList;
			buildConfigurations = (
				F09038C5279A013D007609BB /* Debug */,
				F09038C6279A013D007609BB /* Release */,
			);
			defaultConfigurationIsVisible = 0;
			defaultConfigurationName = Release;
		};
		F09038C7279A013D007609BB /* Build configuration list for PBXNativeTarget "Movie App" */ = {
			isa = XCConfigurationList;
			buildConfigurations = (
				F09038C8279A013D007609BB /* Debug */,
				F09038C9279A013D007609BB /* Release */,
			);
			defaultConfigurationIsVisible = 0;
			defaultConfigurationName = Release;
		};
		F09038CA279A013D007609BB /* Build configuration list for PBXNativeTarget "Movie AppTests" */ = {
			isa = XCConfigurationList;
			buildConfigurations = (
				F09038CB279A013D007609BB /* Debug */,
				F09038CC279A013D007609BB /* Release */,
			);
			defaultConfigurationIsVisible = 0;
			defaultConfigurationName = Release;
		};
		F09038CD279A013D007609BB /* Build configuration list for PBXNativeTarget "Movie AppUITests" */ = {
			isa = XCConfigurationList;
			buildConfigurations = (
				F09038CE279A013D007609BB /* Debug */,
				F09038CF279A013D007609BB /* Release */,
			);
			defaultConfigurationIsVisible = 0;
			defaultConfigurationName = Release;
		};
/* End XCConfigurationList section */

/* Begin XCRemoteSwiftPackageReference section */
		F0884CCB279D2F0600E66593 /* XCRemoteSwiftPackageReference "swift-algorithms" */ = {
			isa = XCRemoteSwiftPackageReference;
			repositoryURL = "https://github.com/apple/swift-algorithms.git";
			requirement = {
				kind = upToNextMajorVersion;
				minimumVersion = 1.0.0;
			};
		};
		F0884CCE279D32B500E66593 /* XCRemoteSwiftPackageReference "AlamofireImage" */ = {
			isa = XCRemoteSwiftPackageReference;
			repositoryURL = "https://github.com/Alamofire/AlamofireImage";
			requirement = {
				kind = upToNextMajorVersion;
				minimumVersion = 4.0.0;
			};
		};
/* End XCRemoteSwiftPackageReference section */

/* Begin XCSwiftPackageProductDependency section */
		F0884CCC279D2F0600E66593 /* Algorithms */ = {
			isa = XCSwiftPackageProductDependency;
			package = F0884CCB279D2F0600E66593 /* XCRemoteSwiftPackageReference "swift-algorithms" */;
			productName = Algorithms;
		};
		F0884CCF279D32B500E66593 /* AlamofireImage */ = {
			isa = XCSwiftPackageProductDependency;
			package = F0884CCE279D32B500E66593 /* XCRemoteSwiftPackageReference "AlamofireImage" */;
			productName = AlamofireImage;
		};
/* End XCSwiftPackageProductDependency section */
	};
	rootObject = F0903895279A013B007609BB /* Project object */;
}
